
Microsoft Visual Studio Solution File, Format Version 12.00
# Visual Studio Version 17
VisualStudioVersion = 17.3.32901.215
MinimumVisualStudioVersion = 10.0.40219.1
Project("{FAE04EC0-301F-11D3-BF4B-00C04F79EFBC}") = "lab11_efcore_crud", "lab11_efcore_crud\lab11_efcore_crud.csproj", "{D7892236-5C32-4F7C-AEDB-59585E57B922}"
EndProject
Global
	GlobalSection(SolutionConfigurationPlatforms) = preSolution
		Debug|Any CPU = Debug|Any CPU
		Release|Any CPU = Release|Any CPU
	EndGlobalSection
	GlobalSection(ProjectConfigurationPlatforms) = postSolution
		{D7892236-5C32-4F7C-AEDB-59585E57B922}.Debug|Any CPU.ActiveCfg = Debug|Any CPU
		{D7892236-5C32-4F7C-AEDB-59585E57B922}.Debug|Any CPU.Build.0 = Debug|Any CPU
		{D7892236-5C32-4F7C-AEDB-59585E57B922}.Release|Any CPU.ActiveCfg = Release|Any CPU
		{D7892236-5C32-4F7C-AEDB-59585E57B922}.Release|Any CPU.Build.0 = Release|Any CPU
	EndGlobalSection
	GlobalSection(SolutionProperties) = preSolution
		HideSolutionNode = FALSE
	EndGlobalSection
	GlobalSection(ExtensibilityGlobals) = postSolution
		SolutionGuid = {DB87795B-B065-4BD8-99F0-BDC43A0585B6}
	EndGlobalSection
EndGlobal
