
Microsoft Visual Studio Solution File, Format Version 12.00
# Visual Studio Version 17
VisualStudioVersion = 17.3.32901.215
MinimumVisualStudioVersion = 10.0.40219.1
Project("{FAE04EC0-301F-11D3-BF4B-00C04F79EFBC}") = "qn2_jquery", "qn2_jquery\qn2_jquery.csproj", "{A34A1E07-7FF7-4B98-8C25-97CCE6D0BAD9}"
EndProject
Global
	GlobalSection(SolutionConfigurationPlatforms) = preSolution
		Debug|Any CPU = Debug|Any CPU
		Release|Any CPU = Release|Any CPU
	EndGlobalSection
	GlobalSection(ProjectConfigurationPlatforms) = postSolution
		{A34A1E07-7FF7-4B98-8C25-97CCE6D0BAD9}.Debug|Any CPU.ActiveCfg = Debug|Any CPU
		{A34A1E07-7FF7-4B98-8C25-97CCE6D0BAD9}.Debug|Any CPU.Build.0 = Debug|Any CPU
		{A34A1E07-7FF7-4B98-8C25-97CCE6D0BAD9}.Release|Any CPU.ActiveCfg = Release|Any CPU
		{A34A1E07-7FF7-4B98-8C25-97CCE6D0BAD9}.Release|Any CPU.Build.0 = Release|Any CPU
	EndGlobalSection
	GlobalSection(SolutionProperties) = preSolution
		HideSolutionNode = FALSE
	EndGlobalSection
	GlobalSection(ExtensibilityGlobals) = postSolution
		SolutionGuid = {3C019D5C-ED70-4785-8A91-BF8F85E0169E}
	EndGlobalSection
EndGlobal
