
Microsoft Visual Studio Solution File, Format Version 12.00
# Visual Studio Version 17
VisualStudioVersion = 17.3.32901.215
MinimumVisualStudioVersion = 10.0.40219.1
Project("{FAE04EC0-301F-11D3-BF4B-00C04F79EFBC}") = "lab8_display_db", "lab8_display_db\lab8_display_db.csproj", "{216ACB8C-9C79-4928-85DE-281DB1D4F421}"
EndProject
Global
	GlobalSection(SolutionConfigurationPlatforms) = preSolution
		Debug|Any CPU = Debug|Any CPU
		Release|Any CPU = Release|Any CPU
	EndGlobalSection
	GlobalSection(ProjectConfigurationPlatforms) = postSolution
		{216ACB8C-9C79-4928-85DE-281DB1D4F421}.Debug|Any CPU.ActiveCfg = Debug|Any CPU
		{216ACB8C-9C79-4928-85DE-281DB1D4F421}.Debug|Any CPU.Build.0 = Debug|Any CPU
		{216ACB8C-9C79-4928-85DE-281DB1D4F421}.Release|Any CPU.ActiveCfg = Release|Any CPU
		{216ACB8C-9C79-4928-85DE-281DB1D4F421}.Release|Any CPU.Build.0 = Release|Any CPU
	EndGlobalSection
	GlobalSection(SolutionProperties) = preSolution
		HideSolutionNode = FALSE
	EndGlobalSection
	GlobalSection(ExtensibilityGlobals) = postSolution
		SolutionGuid = {C7846B02-3695-4944-BEF9-C26DB867F11E}
	EndGlobalSection
EndGlobal
