
Microsoft Visual Studio Solution File, Format Version 12.00
# Visual Studio Version 17
VisualStudioVersion = 17.3.32901.215
MinimumVisualStudioVersion = 10.0.40219.1
Project("{FAE04EC0-301F-11D3-BF4B-00C04F79EFBC}") = "lab9_jquery", "lab9_jquery\lab9_jquery.csproj", "{54058C44-7CDF-4EC4-9264-D5A967EE142B}"
EndProject
Global
	GlobalSection(SolutionConfigurationPlatforms) = preSolution
		Debug|Any CPU = Debug|Any CPU
		Release|Any CPU = Release|Any CPU
	EndGlobalSection
	GlobalSection(ProjectConfigurationPlatforms) = postSolution
		{54058C44-7CDF-4EC4-9264-D5A967EE142B}.Debug|Any CPU.ActiveCfg = Debug|Any CPU
		{54058C44-7CDF-4EC4-9264-D5A967EE142B}.Debug|Any CPU.Build.0 = Debug|Any CPU
		{54058C44-7CDF-4EC4-9264-D5A967EE142B}.Release|Any CPU.ActiveCfg = Release|Any CPU
		{54058C44-7CDF-4EC4-9264-D5A967EE142B}.Release|Any CPU.Build.0 = Release|Any CPU
	EndGlobalSection
	GlobalSection(SolutionProperties) = preSolution
		HideSolutionNode = FALSE
	EndGlobalSection
	GlobalSection(ExtensibilityGlobals) = postSolution
		SolutionGuid = {B9F795A4-FEE3-4255-9240-79B02606477B}
	EndGlobalSection
EndGlobal
